
Microsoft Visual Studio Solution File, Format Version 12.00
# Visual Studio Version 17
VisualStudioVersion = 17.5.33424.131
MinimumVisualStudioVersion = 10.0.40219.1
Project("{FAE04EC0-301F-11D3-BF4B-00C04F79EFBC}") = "LinqGUI31", "LinqGUI31\LinqGUI31.csproj", "{D589FA2F-7A76-44A5-B5ED-A09FC6B5C256}"
EndProject
Global
	GlobalSection(SolutionConfigurationPlatforms) = preSolution
		Debug|Any CPU = Debug|Any CPU
		Release|Any CPU = Release|Any CPU
	EndGlobalSection
	GlobalSection(ProjectConfigurationPlatforms) = postSolution
		{D589FA2F-7A76-44A5-B5ED-A09FC6B5C256}.Debug|Any CPU.ActiveCfg = Debug|Any CPU
		{D589FA2F-7A76-44A5-B5ED-A09FC6B5C256}.Debug|Any CPU.Build.0 = Debug|Any CPU
		{D589FA2F-7A76-44A5-B5ED-A09FC6B5C256}.Release|Any CPU.ActiveCfg = Release|Any CPU
		{D589FA2F-7A76-44A5-B5ED-A09FC6B5C256}.Release|Any CPU.Build.0 = Release|Any CPU
	EndGlobalSection
	GlobalSection(SolutionProperties) = preSolution
		HideSolutionNode = FALSE
	EndGlobalSection
	GlobalSection(ExtensibilityGlobals) = postSolution
		SolutionGuid = {F157A2DC-F309-4DD2-8BC6-44F995AA4D65}
	EndGlobalSection
EndGlobal
